// !$*UTF8*$!
{
	archiveVersion = 1;
	classes = {
	};
	objectVersion = 50;
	objects = {

/* Begin PBXBuildFile section */
		E934A7D420BF14E6009D4157 /* AppDelegate.swift in Sources */ = {isa = PBXBuildFile; fileRef = E934A7D320BF14E6009D4157 /* AppDelegate.swift */; };
		E934A7D620BF14E6009D4157 /* ViewController.swift in Sources */ = {isa = PBXBuildFile; fileRef = E934A7D520BF14E6009D4157 /* ViewController.swift */; };
		E934A7D920BF14E6009D4157 /* Main.storyboard in Resources */ = {isa = PBXBuildFile; fileRef = E934A7D720BF14E6009D4157 /* Main.storyboard */; };
		E934A7DB20BF14E9009D4157 /* Assets.xcassets in Resources */ = {isa = PBXBuildFile; fileRef = E934A7DA20BF14E9009D4157 /* Assets.xcassets */; };
		E934A7DE20BF14E9009D4157 /* LaunchScreen.storyboard in Resources */ = {isa = PBXBuildFile; fileRef = E934A7DC20BF14E9009D4157 /* LaunchScreen.storyboard */; };
		E934A7E920BF14E9009D4157 /* FingerGameTests.swift in Sources */ = {isa = PBXBuildFile; fileRef = E934A7E820BF14E9009D4157 /* FingerGameTests.swift */; };
		E934A7F420BF14E9009D4157 /* FingerGameUITests.swift in Sources */ = {isa = PBXBuildFile; fileRef = E934A7F320BF14E9009D4157 /* FingerGameUITests.swift */; };
/* End PBXBuildFile section */

/* Begin PBXContainerItemProxy section */
		E934A7E520BF14E9009D4157 /* PBXContainerItemProxy */ = {
			isa = PBXContainerItemProxy;
			containerPortal = E934A7C820BF14E6009D4157 /* Project object */;
			proxyType = 1;
			remoteGlobalIDString = E934A7CF20BF14E6009D4157;
			remoteInfo = FingerGame;
		};
		E934A7F020BF14E9009D4157 /* PBXContainerItemProxy */ = {
			isa = PBXContainerItemProxy;
			containerPortal = E934A7C820BF14E6009D4157 /* Project object */;
			proxyType = 1;
			remoteGlobalIDString = E934A7CF20BF14E6009D4157;
			remoteInfo = FingerGame;
		};
/* End PBXContainerItemProxy section */

/* Begin PBXFileReference section */
		E934A7D020BF14E6009D4157 /* FingerGame.app */ = {isa = PBXFileReference; explicitFileType = wrapper.application; includeInIndex = 0; path = FingerGame.app; sourceTree = BUILT_PRODUCTS_DIR; };
		E934A7D320BF14E6009D4157 /* AppDelegate.swift */ = {isa = PBXFileReference; lastKnownFileType = sourcecode.swift; path = AppDelegate.swift; sourceTree = "<group>"; };
		E934A7D520BF14E6009D4157 /* ViewController.swift */ = {isa = PBXFileReference; lastKnownFileType = sourcecode.swift; path = ViewController.swift; sourceTree = "<group>"; };
		E934A7D820BF14E6009D4157 /* Base */ = {isa = PBXFileReference; lastKnownFileType = file.storyboard; name = Base; path = Base.lproj/Main.storyboard; sourceTree = "<group>"; };
		E934A7DA20BF14E9009D4157 /* Assets.xcassets */ = {isa = PBXFileReference; lastKnownFileType = folder.assetcatalog; path = Assets.xcassets; sourceTree = "<group>"; };
		E934A7DD20BF14E9009D4157 /* Base */ = {isa = PBXFileReference; lastKnownFileType = file.storyboard; name = Base; path = Base.lproj/LaunchScreen.storyboard; sourceTree = "<group>"; };
		E934A7DF20BF14E9009D4157 /* Info.plist */ = {isa = PBXFileReference; lastKnownFileType = text.plist.xml; path = Info.plist; sourceTree = "<group>"; };
		E934A7E420BF14E9009D4157 /* FingerGameTests.xctest */ = {isa = PBXFileReference; explicitFileType = wrapper.cfbundle; includeInIndex = 0; path = FingerGameTests.xctest; sourceTree = BUILT_PRODUCTS_DIR; };
		E934A7E820BF14E9009D4157 /* FingerGameTests.swift */ = {isa = PBXFileReference; lastKnownFileType = sourcecode.swift; path = FingerGameTests.swift; sourceTree = "<group>"; };
		E934A7EA20BF14E9009D4157 /* Info.plist */ = {isa = PBXFileReference; lastKnownFileType = text.plist.xml; path = Info.plist; sourceTree = "<group>"; };
		E934A7EF20BF14E9009D4157 /* FingerGameUITests.xctest */ = {isa = PBXFileReference; explicitFileType = wrapper.cfbundle; includeInIndex = 0; path = FingerGameUITests.xctest; sourceTree = BUILT_PRODUCTS_DIR; };
		E934A7F320BF14E9009D4157 /* FingerGameUITests.swift */ = {isa = PBXFileReference; lastKnownFileType = sourcecode.swift; path = FingerGameUITests.swift; sourceTree = "<group>"; };
		E934A7F520BF14E9009D4157 /* Info.plist */ = {isa = PBXFileReference; lastKnownFileType = text.plist.xml; path = Info.plist; sourceTree = "<group>"; };
/* End PBXFileReference section */

/* Begin PBXFrameworksBuildPhase section */
		E934A7CD20BF14E6009D4157 /* Frameworks */ = {
			isa = PBXFrameworksBuildPhase;
			buildActionMask = 2147483647;
			files = (
			);
			runOnlyForDeploymentPostprocessing = 0;
		};
		E934A7E120BF14E9009D4157 /* Frameworks */ = {
			isa = PBXFrameworksBuildPhase;
			buildActionMask = 2147483647;
			files = (
			);
			runOnlyForDeploymentPostprocessing = 0;
		};
		E934A7EC20BF14E9009D4157 /* Frameworks */ = {
			isa = PBXFrameworksBuildPhase;
			buildActionMask = 2147483647;
			files = (
			);
			runOnlyForDeploymentPostprocessing = 0;
		};
/* End PBXFrameworksBuildPhase section */

/* Begin PBXGroup section */
		E934A7C720BF14E6009D4157 = {
			isa = PBXGroup;
			children = (
				E934A7D220BF14E6009D4157 /* FingerGame */,
				E934A7E720BF14E9009D4157 /* FingerGameTests */,
				E934A7F220BF14E9009D4157 /* FingerGameUITests */,
				E934A7D120BF14E6009D4157 /* Products */,
			);
			sourceTree = "<group>";
		};
		E934A7D120BF14E6009D4157 /* Products */ = {
			isa = PBXGroup;
			children = (
				E934A7D020BF14E6009D4157 /* FingerGame.app */,
				E934A7E420BF14E9009D4157 /* FingerGameTests.xctest */,
				E934A7EF20BF14E9009D4157 /* FingerGameUITests.xctest */,
			);
			name = Products;
			sourceTree = "<group>";
		};
		E934A7D220BF14E6009D4157 /* FingerGame */ = {
			isa = PBXGroup;
			children = (
				E934A7D320BF14E6009D4157 /* AppDelegate.swift */,
				E934A7D520BF14E6009D4157 /* ViewController.swift */,
				E934A7D720BF14E6009D4157 /* Main.storyboard */,
				E934A7DA20BF14E9009D4157 /* Assets.xcassets */,
				E934A7DC20BF14E9009D4157 /* LaunchScreen.storyboard */,
				E934A7DF20BF14E9009D4157 /* Info.plist */,
			);
			path = FingerGame;
			sourceTree = "<group>";
		};
		E934A7E720BF14E9009D4157 /* FingerGameTests */ = {
			isa = PBXGroup;
			children = (
				E934A7E820BF14E9009D4157 /* FingerGameTests.swift */,
				E934A7EA20BF14E9009D4157 /* Info.plist */,
			);
			path = FingerGameTests;
			sourceTree = "<group>";
		};
		E934A7F220BF14E9009D4157 /* FingerGameUITests */ = {
			isa = PBXGroup;
			children = (
				E934A7F320BF14E9009D4157 /* FingerGameUITests.swift */,
				E934A7F520BF14E9009D4157 /* Info.plist */,
			);
			path = FingerGameUITests;
			sourceTree = "<group>";
		};
/* End PBXGroup section */

/* Begin PBXNativeTarget section */
		E934A7CF20BF14E6009D4157 /* FingerGame */ = {
			isa = PBXNativeTarget;
			buildConfigurationList = E934A7F820BF14E9009D4157 /* Build configuration list for PBXNativeTarget "FingerGame" */;
			buildPhases = (
				E934A7CC20BF14E6009D4157 /* Sources */,
				E934A7CD20BF14E6009D4157 /* Frameworks */,
				E934A7CE20BF14E6009D4157 /* Resources */,
			);
			buildRules = (
			);
			dependencies = (
			);
			name = FingerGame;
			productName = FingerGame;
			productReference = E934A7D020BF14E6009D4157 /* FingerGame.app */;
			productType = "com.apple.product-type.application";
		};
		E934A7E320BF14E9009D4157 /* FingerGameTests */ = {
			isa = PBXNativeTarget;
			buildConfigurationList = E934A7FB20BF14E9009D4157 /* Build configuration list for PBXNativeTarget "FingerGameTests" */;
			buildPhases = (
				E934A7E020BF14E9009D4157 /* Sources */,
				E934A7E120BF14E9009D4157 /* Frameworks */,
				E934A7E220BF14E9009D4157 /* Resources */,
			);
			buildRules = (
			);
			dependencies = (
				E934A7E620BF14E9009D4157 /* PBXTargetDependency */,
			);
			name = FingerGameTests;
			productName = FingerGameTests;
			productReference = E934A7E420BF14E9009D4157 /* FingerGameTests.xctest */;
			productType = "com.apple.product-type.bundle.unit-test";
		};
		E934A7EE20BF14E9009D4157 /* FingerGameUITests */ = {
			isa = PBXNativeTarget;
			buildConfigurationList = E934A7FE20BF14E9009D4157 /* Build configuration list for PBXNativeTarget "FingerGameUITests" */;
			buildPhases = (
				E934A7EB20BF14E9009D4157 /* Sources */,
				E934A7EC20BF14E9009D4157 /* Frameworks */,
				E934A7ED20BF14E9009D4157 /* Resources */,
			);
			buildRules = (
			);
			dependencies = (
				E934A7F120BF14E9009D4157 /* PBXTargetDependency */,
			);
			name = FingerGameUITests;
			productName = FingerGameUITests;
			productReference = E934A7EF20BF14E9009D4157 /* FingerGameUITests.xctest */;
			productType = "com.apple.product-type.bundle.ui-testing";
		};
/* End PBXNativeTarget section */

/* Begin PBXProject section */
		E934A7C820BF14E6009D4157 /* Project object */ = {
			isa = PBXProject;
			attributes = {
				LastSwiftUpdateCheck = 0930;
				LastUpgradeCheck = 0930;
				ORGANIZATIONNAME = "pratul patwari";
				TargetAttributes = {
					E934A7CF20BF14E6009D4157 = {
						CreatedOnToolsVersion = 9.3.1;
					};
					E934A7E320BF14E9009D4157 = {
						CreatedOnToolsVersion = 9.3.1;
						TestTargetID = E934A7CF20BF14E6009D4157;
					};
					E934A7EE20BF14E9009D4157 = {
						CreatedOnToolsVersion = 9.3.1;
						TestTargetID = E934A7CF20BF14E6009D4157;
					};
				};
			};
			buildConfigurationList = E934A7CB20BF14E6009D4157 /* Build configuration list for PBXProject "FingerGame" */;
			compatibilityVersion = "Xcode 9.3";
			developmentRegion = en;
			hasScannedForEncodings = 0;
			knownRegions = (
				en,
				Base,
			);
			mainGroup = E934A7C720BF14E6009D4157;
			productRefGroup = E934A7D120BF14E6009D4157 /* Products */;
			projectDirPath = "";
			projectRoot = "";
			targets = (
				E934A7CF20BF14E6009D4157 /* FingerGame */,
				E934A7E320BF14E9009D4157 /* FingerGameTests */,
				E934A7EE20BF14E9009D4157 /* FingerGameUITests */,
			);
		};
/* End PBXProject section */

/* Begin PBXResourcesBuildPhase section */
		E934A7CE20BF14E6009D4157 /* Resources */ = {
			isa = PBXResourcesBuildPhase;
			buildActionMask = 2147483647;
			files = (
				E934A7DE20BF14E9009D4157 /* LaunchScreen.storyboard in Resources */,
				E934A7DB20BF14E9009D4157 /* Assets.xcassets in Resources */,
				E934A7D920BF14E6009D4157 /* Main.storyboard in Resources */,
			);
			runOnlyForDeploymentPostprocessing = 0;
		};
		E934A7E220BF14E9009D4157 /* Resources */ = {
			isa = PBXResourcesBuildPhase;
			buildActionMask = 2147483647;
			files = (
			);
			runOnlyForDeploymentPostprocessing = 0;
		};
		E934A7ED20BF14E9009D4157 /* Resources */ = {
			isa = PBXResourcesBuildPhase;
			buildActionMask = 2147483647;
			files = (
			);
			runOnlyForDeploymentPostprocessing = 0;
		};
/* End PBXResourcesBuildPhase section */

/* Begin PBXSourcesBuildPhase section */
		E934A7CC20BF14E6009D4157 /* Sources */ = {
			isa = PBXSourcesBuildPhase;
			buildActionMask = 2147483647;
			files = (
				E934A7D620BF14E6009D4157 /* ViewController.swift in Sources */,
				E934A7D420BF14E6009D4157 /* AppDelegate.swift in Sources */,
			);
			runOnlyForDeploymentPostprocessing = 0;
		};
		E934A7E020BF14E9009D4157 /* Sources */ = {
			isa = PBXSourcesBuildPhase;
			buildActionMask = 2147483647;
			files = (
				E934A7E920BF14E9009D4157 /* FingerGameTests.swift in Sources */,
			);
			runOnlyForDeploymentPostprocessing = 0;
		};
		E934A7EB20BF14E9009D4157 /* Sources */ = {
			isa = PBXSourcesBuildPhase;
			buildActionMask = 2147483647;
			files = (
				E934A7F420BF14E9009D4157 /* FingerGameUITests.swift in Sources */,
			);
			runOnlyForDeploymentPostprocessing = 0;
		};
/* End PBXSourcesBuildPhase section */

/* Begin PBXTargetDependency section */
		E934A7E620BF14E9009D4157 /* PBXTargetDependency */ = {
			isa = PBXTargetDependency;
			target = E934A7CF20BF14E6009D4157 /* FingerGame */;
			targetProxy = E934A7E520BF14E9009D4157 /* PBXContainerItemProxy */;
		};
		E934A7F120BF14E9009D4157 /* PBXTargetDependency */ = {
			isa = PBXTargetDependency;
			target = E934A7CF20BF14E6009D4157 /* FingerGame */;
			targetProxy = E934A7F020BF14E9009D4157 /* PBXContainerItemProxy */;
		};
/* End PBXTargetDependency section */

/* Begin PBXVariantGroup section */
		E934A7D720BF14E6009D4157 /* Main.storyboard */ = {
			isa = PBXVariantGroup;
			children = (
				E934A7D820BF14E6009D4157 /* Base */,
			);
			name = Main.storyboard;
			sourceTree = "<group>";
		};
		E934A7DC20BF14E9009D4157 /* LaunchScreen.storyboard */ = {
			isa = PBXVariantGroup;
			children = (
				E934A7DD20BF14E9009D4157 /* Base */,
			);
			name = LaunchScreen.storyboard;
			sourceTree = "<group>";
		};
/* End PBXVariantGroup section */

/* Begin XCBuildConfiguration section */
		E934A7F620BF14E9009D4157 /* Debug */ = {
			isa = XCBuildConfiguration;
			buildSettings = {
				ALWAYS_SEARCH_USER_PATHS = NO;
				CLANG_ANALYZER_NONNULL = YES;
				CLANG_ANALYZER_NUMBER_OBJECT_CONVERSION = YES_AGGRESSIVE;
				CLANG_CXX_LANGUAGE_STANDARD = "gnu++14";
				CLANG_CXX_LIBRARY = "libc++";
				CLANG_ENABLE_MODULES = YES;
				CLANG_ENABLE_OBJC_ARC = YES;
				CLANG_ENABLE_OBJC_WEAK = YES;
				CLANG_WARN_BLOCK_CAPTURE_AUTORELEASING = YES;
				CLANG_WARN_BOOL_CONVERSION = YES;
				CLANG_WARN_COMMA = YES;
				CLANG_WARN_CONSTANT_CONVERSION = YES;
				CLANG_WARN_DEPRECATED_OBJC_IMPLEMENTATIONS = YES;
				CLANG_WARN_DIRECT_OBJC_ISA_USAGE = YES_ERROR;
				CLANG_WARN_DOCUMENTATION_COMMENTS = YES;
				CLANG_WARN_EMPTY_BODY = YES;
				CLANG_WARN_ENUM_CONVERSION = YES;
				CLANG_WARN_INFINITE_RECURSION = YES;
				CLANG_WARN_INT_CONVERSION = YES;
				CLANG_WARN_NON_LITERAL_NULL_CONVERSION = YES;
				CLANG_WARN_OBJC_IMPLICIT_RETAIN_SELF = YES;
				CLANG_WARN_OBJC_LITERAL_CONVERSION = YES;
				CLANG_WARN_OBJC_ROOT_CLASS = YES_ERROR;
				CLANG_WARN_RANGE_LOOP_ANALYSIS = YES;
				CLANG_WARN_STRICT_PROTOTYPES = YES;
				CLANG_WARN_SUSPICIOUS_MOVE = YES;
				CLANG_WARN_UNGUARDED_AVAILABILITY = YES_AGGRESSIVE;
				CLANG_WARN_UNREACHABLE_CODE = YES;
				CLANG_WARN__DUPLICATE_METHOD_MATCH = YES;
				CODE_SIGN_IDENTITY = "iPhone Developer";
				COPY_PHASE_STRIP = NO;
				DEBUG_INFORMATION_FORMAT = dwarf;
				ENABLE_STRICT_OBJC_MSGSEND = YES;
				ENABLE_TESTABILITY = YES;
				GCC_C_LANGUAGE_STANDARD = gnu11;
				GCC_DYNAMIC_NO_PIC = NO;
				GCC_NO_COMMON_BLOCKS = YES;
				GCC_OPTIMIZATION_LEVEL = 0;
				GCC_PREPROCESSOR_DEFINITIONS = (
					"DEBUG=1",
					"$(inherited)",
				);
				GCC_WARN_64_TO_32_BIT_CONVERSION = YES;
				GCC_WARN_ABOUT_RETURN_TYPE = YES_ERROR;
				GCC_WARN_UNDECLARED_SELECTOR = YES;
				GCC_WARN_UNINITIALIZED_AUTOS = YES_AGGRESSIVE;
				GCC_WARN_UNUSED_FUNCTION = YES;
				GCC_WARN_UNUSED_VARIABLE = YES;
				IPHONEOS_DEPLOYMENT_TARGET = 11.3;
				MTL_ENABLE_DEBUG_INFO = YES;
				ONLY_ACTIVE_ARCH = YES;
				SDKROOT = iphoneos;
				SWIFT_ACTIVE_COMPILATION_CONDITIONS = DEBUG;
				SWIFT_OPTIMIZATION_LEVEL = "-Onone";
			};
			name = Debug;
		};
		E934A7F720BF14E9009D4157 /* Release */ = {
			isa = XCBuildConfiguration;
			buildSettings = {
				ALWAYS_SEARCH_USER_PATHS = NO;
				CLANG_ANALYZER_NONNULL = YES;
				CLANG_ANALYZER_NUMBER_OBJECT_CONVERSION = YES_AGGRESSIVE;
				CLANG_CXX_LANGUAGE_STANDARD = "gnu++14";
				CLANG_CXX_LIBRARY = "libc++";
				CLANG_ENABLE_MODULES = YES;
				CLANG_ENABLE_OBJC_ARC = YES;
				CLANG_ENABLE_OBJC_WEAK = YES;
				CLANG_WARN_BLOCK_CAPTURE_AUTORELEASING = YES;
				CLANG_WARN_BOOL_CONVERSION = YES;
				CLANG_WARN_COMMA = YES;
				CLANG_WARN_CONSTANT_CONVERSION = YES;
				CLANG_WARN_DEPRECATED_OBJC_IMPLEMENTATIONS = YES;
				CLANG_WARN_DIRECT_OBJC_ISA_USAGE = YES_ERROR;
				CLANG_WARN_DOCUMENTATION_COMMENTS = YES;
				CLANG_WARN_EMPTY_BODY = YES;
				CLANG_WARN_ENUM_CONVERSION = YES;
				CLANG_WARN_INFINITE_RECURSION = YES;
				CLANG_WARN_INT_CONVERSION = YES;
				CLANG_WARN_NON_LITERAL_NULL_CONVERSION = YES;
				CLANG_WARN_OBJC_IMPLICIT_RETAIN_SELF = YES;
				CLANG_WARN_OBJC_LITERAL_CONVERSION = YES;
				CLANG_WARN_OBJC_ROOT_CLASS = YES_ERROR;
				CLANG_WARN_RANGE_LOOP_ANALYSIS = YES;
				CLANG_WARN_STRICT_PROTOTYPES = YES;
				CLANG_WARN_SUSPICIOUS_MOVE = YES;
				CLANG_WARN_UNGUARDED_AVAILABILITY = YES_AGGRESSIVE;
				CLANG_WARN_UNREACHABLE_CODE = YES;
				CLANG_WARN__DUPLICATE_METHOD_MATCH = YES;
				CODE_SIGN_IDENTITY = "iPhone Developer";
				COPY_PHASE_STRIP = NO;
				DEBUG_INFORMATION_FORMAT = "dwarf-with-dsym";
				ENABLE_NS_ASSERTIONS = NO;
				ENABLE_STRICT_OBJC_MSGSEND = YES;
				GCC_C_LANGUAGE_STANDARD = gnu11;
				GCC_NO_COMMON_BLOCKS = YES;
				GCC_WARN_64_TO_32_BIT_CONVERSION = YES;
				GCC_WARN_ABOUT_RETURN_TYPE = YES_ERROR;
				GCC_WARN_UNDECLARED_SELECTOR = YES;
				GCC_WARN_UNINITIALIZED_AUTOS = YES_AGGRESSIVE;
				GCC_WARN_UNUSED_FUNCTION = YES;
				GCC_WARN_UNUSED_VARIABLE = YES;
				IPHONEOS_DEPLOYMENT_TARGET = 11.3;
				MTL_ENABLE_DEBUG_INFO = NO;
				SDKROOT = iphoneos;
				SWIFT_COMPILATION_MODE = wholemodule;
				SWIFT_OPTIMIZATION_LEVEL = "-O";
				VALIDATE_PRODUCT = YES;
			};
			name = Release;
		};
		E934A7F920BF14E9009D4157 /* Debug */ = {
			isa = XCBuildConfiguration;
			buildSettings = {
				ASSETCATALOG_COMPILER_APPICON_NAME = AppIcon;
				CODE_SIGN_STYLE = Automatic;
				INFOPLIST_FILE = FingerGame/Info.plist;
				LD_RUNPATH_SEARCH_PATHS = (
					"$(inherited)",
					"@executable_path/Frameworks",
				);
				PRODUCT_BUNDLE_IDENTIFIER = llc.mirus.FingerGame;
				PRODUCT_NAME = "$(TARGET_NAME)";
				SWIFT_VERSION = 4.0;
				TARGETED_DEVICE_FAMILY = "1,2";
			};
			name = Debug;
		};
		E934A7FA20BF14E9009D4157 /* Release */ = {
			isa = XCBuildConfiguration;
			buildSettings = {
				ASSETCATALOG_COMPILER_APPICON_NAME = AppIcon;
				CODE_SIGN_STYLE = Automatic;
				INFOPLIST_FILE = FingerGame/Info.plist;
				LD_RUNPATH_SEARCH_PATHS = (
					"$(inherited)",
					"@executable_path/Frameworks",
				);
				PRODUCT_BUNDLE_IDENTIFIER = llc.mirus.FingerGame;
				PRODUCT_NAME = "$(TARGET_NAME)";
				SWIFT_VERSION = 4.0;
				TARGETED_DEVICE_FAMILY = "1,2";
			};
			name = Release;
		};
		E934A7FC20BF14E9009D4157 /* Debug */ = {
			isa = XCBuildConfiguration;
			buildSettings = {
				ALWAYS_EMBED_SWIFT_STANDARD_LIBRARIES = YES;
				BUNDLE_LOADER = "$(TEST_HOST)";
				CODE_SIGN_STYLE = Automatic;
				INFOPLIST_FILE = FingerGameTests/Info.plist;
				LD_RUNPATH_SEARCH_PATHS = (
					"$(inherited)",
					"@executable_path/Frameworks",
					"@loader_path/Frameworks",
				);
				PRODUCT_BUNDLE_IDENTIFIER = llc.mirus.FingerGameTests;
				PRODUCT_NAME = "$(TARGET_NAME)";
				SWIFT_VERSION = 4.0;
				TARGETED_DEVICE_FAMILY = "1,2";
				TEST_HOST = "$(BUILT_PRODUCTS_DIR)/FingerGame.app/FingerGame";
			};
			name = Debug;
		};
		E934A7FD20BF14E9009D4157 /* Release */ = {
			isa = XCBuildConfiguration;
			buildSettings = {
				ALWAYS_EMBED_SWIFT_STANDARD_LIBRARIES = YES;
				BUNDLE_LOADER = "$(TEST_HOST)";
				CODE_SIGN_STYLE = Automatic;
				INFOPLIST_FILE = FingerGameTests/Info.plist;
				LD_RUNPATH_SEARCH_PATHS = (
					"$(inherited)",
					"@executable_path/Frameworks",
					"@loader_path/Frameworks",
				);
				PRODUCT_BUNDLE_IDENTIFIER = llc.mirus.FingerGameTests;
				PRODUCT_NAME = "$(TARGET_NAME)";
				SWIFT_VERSION = 4.0;
				TARGETED_DEVICE_FAMILY = "1,2";
				TEST_HOST = "$(BUILT_PRODUCTS_DIR)/FingerGame.app/FingerGame";
			};
			name = Release;
		};
		E934A7FF20BF14E9009D4157 /* Debug */ = {
			isa = XCBuildConfiguration;
			buildSettings = {
				ALWAYS_EMBED_SWIFT_STANDARD_LIBRARIES = YES;
				CODE_SIGN_STYLE = Automatic;
				INFOPLIST_FILE = FingerGameUITests/Info.plist;
				LD_RUNPATH_SEARCH_PATHS = (
					"$(inherited)",
					"@executable_path/Frameworks",
					"@loader_path/Frameworks",
				);
				PRODUCT_BUNDLE_IDENTIFIER = llc.mirus.FingerGameUITests;
				PRODUCT_NAME = "$(TARGET_NAME)";
				SWIFT_VERSION = 4.0;
				TARGETED_DEVICE_FAMILY = "1,2";
				TEST_TARGET_NAME = FingerGame;
			};
			name = Debug;
		};
		E934A80020BF14E9009D4157 /* Release */ = {
			isa = XCBuildConfiguration;
			buildSettings = {
				ALWAYS_EMBED_SWIFT_STANDARD_LIBRARIES = YES;
				CODE_SIGN_STYLE = Automatic;
				INFOPLIST_FILE = FingerGameUITests/Info.plist;
				LD_RUNPATH_SEARCH_PATHS = (
					"$(inherited)",
					"@executable_path/Frameworks",
					"@loader_path/Frameworks",
				);
				PRODUCT_BUNDLE_IDENTIFIER = llc.mirus.FingerGameUITests;
				PRODUCT_NAME = "$(TARGET_NAME)";
				SWIFT_VERSION = 4.0;
				TARGETED_DEVICE_FAMILY = "1,2";
				TEST_TARGET_NAME = FingerGame;
			};
			name = Release;
		};
/* End XCBuildConfiguration section */

/* Begin XCConfigurationList section */
		E934A7CB20BF14E6009D4157 /* Build configuration list for PBXProject "FingerGame" */ = {
			isa = XCConfigurationList;
			buildConfigurations = (
				E934A7F620BF14E9009D4157 /* Debug */,
				E934A7F720BF14E9009D4157 /* Release */,
			);
			defaultConfigurationIsVisible = 0;
			defaultConfigurationName = Release;
		};
		E934A7F820BF14E9009D4157 /* Build configuration list for PBXNativeTarget "FingerGame" */ = {
			isa = XCConfigurationList;
			buildConfigurations = (
				E934A7F920BF14E9009D4157 /* Debug */,
				E934A7FA20BF14E9009D4157 /* Release */,
			);
			defaultConfigurationIsVisible = 0;
			defaultConfigurationName = Release;
		};
		E934A7FB20BF14E9009D4157 /* Build configuration list for PBXNativeTarget "FingerGameTests" */ = {
			isa = XCConfigurationList;
			buildConfigurations = (
				E934A7FC20BF14E9009D4157 /* Debug */,
				E934A7FD20BF14E9009D4157 /* Release */,
			);
			defaultConfigurationIsVisible = 0;
			defaultConfigurationName = Release;
		};
		E934A7FE20BF14E9009D4157 /* Build configuration list for PBXNativeTarget "FingerGameUITests" */ = {
			isa = XCConfigurationList;
			buildConfigurations = (
				E934A7FF20BF14E9009D4157 /* Debug */,
				E934A80020BF14E9009D4157 /* Release */,
			);
			defaultConfigurationIsVisible = 0;
			defaultConfigurationName = Release;
		};
/* End XCConfigurationList section */
	};
	rootObject = E934A7C820BF14E6009D4157 /* Project object */;
}
