// !$*UTF8*$!
{
	archiveVersion = 1;
	classes = {
	};
	objectVersion = 50;
	objects = {

/* Begin PBXBuildFile section */
		E9050EBC21C0140B00C01DBD /* AppDelegate.swift in Sources */ = {isa = PBXBuildFile; fileRef = E9050EBB21C0140B00C01DBD /* AppDelegate.swift */; };
		E9050EBE21C0140B00C01DBD /* MessagesController.swift in Sources */ = {isa = PBXBuildFile; fileRef = E9050EBD21C0140B00C01DBD /* MessagesController.swift */; };
		E9050EC121C0140B00C01DBD /* Main.storyboard in Resources */ = {isa = PBXBuildFile; fileRef = E9050EBF21C0140B00C01DBD /* Main.storyboard */; };
		E9050EC321C0141000C01DBD /* Assets.xcassets in Resources */ = {isa = PBXBuildFile; fileRef = E9050EC221C0141000C01DBD /* Assets.xcassets */; };
		E9050EC621C0141000C01DBD /* LaunchScreen.storyboard in Resources */ = {isa = PBXBuildFile; fileRef = E9050EC421C0141000C01DBD /* LaunchScreen.storyboard */; };
		E9050ECE21C0156900C01DBD /* LoginController.swift in Sources */ = {isa = PBXBuildFile; fileRef = E9050ECD21C0156900C01DBD /* LoginController.swift */; };
		E9050ED121C0234100C01DBD /* GoogleService-Info.plist in Resources */ = {isa = PBXBuildFile; fileRef = E9050ED021C0234100C01DBD /* GoogleService-Info.plist */; };
		E9050ED321C166CF00C01DBD /* NewMessageController.swift in Sources */ = {isa = PBXBuildFile; fileRef = E9050ED221C166CF00C01DBD /* NewMessageController.swift */; };
		E9050ED621C16B3600C01DBD /* User.swift in Sources */ = {isa = PBXBuildFile; fileRef = E9050ED521C16B3600C01DBD /* User.swift */; };
		E9050ED821C2BD2D00C01DBD /* ChatLogController.swift in Sources */ = {isa = PBXBuildFile; fileRef = E9050ED721C2BD2D00C01DBD /* ChatLogController.swift */; };
		FCD1F9E3649493731202EAB2 /* Pods_ChatApp.framework in Frameworks */ = {isa = PBXBuildFile; fileRef = 638E56C25B0739064DFDD47D /* Pods_ChatApp.framework */; };
/* End PBXBuildFile section */

/* Begin PBXFileReference section */
		638E56C25B0739064DFDD47D /* Pods_ChatApp.framework */ = {isa = PBXFileReference; explicitFileType = wrapper.framework; includeInIndex = 0; path = Pods_ChatApp.framework; sourceTree = BUILT_PRODUCTS_DIR; };
		683BC92DD39B9C1F79054B60 /* Pods-ChatApp.debug.xcconfig */ = {isa = PBXFileReference; includeInIndex = 1; lastKnownFileType = text.xcconfig; name = "Pods-ChatApp.debug.xcconfig"; path = "Pods/Target Support Files/Pods-ChatApp/Pods-ChatApp.debug.xcconfig"; sourceTree = "<group>"; };
		8152012622CFAE019BBFD2CF /* Pods-ChatApp.release.xcconfig */ = {isa = PBXFileReference; includeInIndex = 1; lastKnownFileType = text.xcconfig; name = "Pods-ChatApp.release.xcconfig"; path = "Pods/Target Support Files/Pods-ChatApp/Pods-ChatApp.release.xcconfig"; sourceTree = "<group>"; };
		E9050EB821C0140B00C01DBD /* ChatApp.app */ = {isa = PBXFileReference; explicitFileType = wrapper.application; includeInIndex = 0; path = ChatApp.app; sourceTree = BUILT_PRODUCTS_DIR; };
		E9050EBB21C0140B00C01DBD /* AppDelegate.swift */ = {isa = PBXFileReference; lastKnownFileType = sourcecode.swift; path = AppDelegate.swift; sourceTree = "<group>"; };
		E9050EBD21C0140B00C01DBD /* MessagesController.swift */ = {isa = PBXFileReference; lastKnownFileType = sourcecode.swift; path = MessagesController.swift; sourceTree = "<group>"; };
		E9050EC021C0140B00C01DBD /* Base */ = {isa = PBXFileReference; lastKnownFileType = file.storyboard; name = Base; path = Base.lproj/Main.storyboard; sourceTree = "<group>"; };
		E9050EC221C0141000C01DBD /* Assets.xcassets */ = {isa = PBXFileReference; lastKnownFileType = folder.assetcatalog; path = Assets.xcassets; sourceTree = "<group>"; };
		E9050EC521C0141000C01DBD /* Base */ = {isa = PBXFileReference; lastKnownFileType = file.storyboard; name = Base; path = Base.lproj/LaunchScreen.storyboard; sourceTree = "<group>"; };
		E9050EC721C0141000C01DBD /* Info.plist */ = {isa = PBXFileReference; lastKnownFileType = text.plist.xml; path = Info.plist; sourceTree = "<group>"; };
		E9050ECD21C0156900C01DBD /* LoginController.swift */ = {isa = PBXFileReference; lastKnownFileType = sourcecode.swift; path = LoginController.swift; sourceTree = "<group>"; };
		E9050ED021C0234100C01DBD /* GoogleService-Info.plist */ = {isa = PBXFileReference; fileEncoding = 4; lastKnownFileType = text.plist.xml; path = "GoogleService-Info.plist"; sourceTree = "<group>"; };
		E9050ED221C166CF00C01DBD /* NewMessageController.swift */ = {isa = PBXFileReference; lastKnownFileType = sourcecode.swift; path = NewMessageController.swift; sourceTree = "<group>"; };
		E9050ED521C16B3600C01DBD /* User.swift */ = {isa = PBXFileReference; lastKnownFileType = sourcecode.swift; path = User.swift; sourceTree = "<group>"; };
		E9050ED721C2BD2D00C01DBD /* ChatLogController.swift */ = {isa = PBXFileReference; lastKnownFileType = sourcecode.swift; path = ChatLogController.swift; sourceTree = "<group>"; };
/* End PBXFileReference section */

/* Begin PBXFrameworksBuildPhase section */
		E9050EB521C0140B00C01DBD /* Frameworks */ = {
			isa = PBXFrameworksBuildPhase;
			buildActionMask = 2147483647;
			files = (
				FCD1F9E3649493731202EAB2 /* Pods_ChatApp.framework in Frameworks */,
			);
			runOnlyForDeploymentPostprocessing = 0;
		};
/* End PBXFrameworksBuildPhase section */

/* Begin PBXGroup section */
		21D0E206DCA571EF41E7876A /* Pods */ = {
			isa = PBXGroup;
			children = (
				683BC92DD39B9C1F79054B60 /* Pods-ChatApp.debug.xcconfig */,
				8152012622CFAE019BBFD2CF /* Pods-ChatApp.release.xcconfig */,
			);
			name = Pods;
			sourceTree = "<group>";
		};
		63092DB7AF2475B62172632C /* Frameworks */ = {
			isa = PBXGroup;
			children = (
				638E56C25B0739064DFDD47D /* Pods_ChatApp.framework */,
			);
			name = Frameworks;
			sourceTree = "<group>";
		};
		E9050EAF21C0140B00C01DBD = {
			isa = PBXGroup;
			children = (
				E9050EBA21C0140B00C01DBD /* ChatApp */,
				E9050EB921C0140B00C01DBD /* Products */,
				21D0E206DCA571EF41E7876A /* Pods */,
				63092DB7AF2475B62172632C /* Frameworks */,
			);
			sourceTree = "<group>";
		};
		E9050EB921C0140B00C01DBD /* Products */ = {
			isa = PBXGroup;
			children = (
				E9050EB821C0140B00C01DBD /* ChatApp.app */,
			);
			name = Products;
			sourceTree = "<group>";
		};
		E9050EBA21C0140B00C01DBD /* ChatApp */ = {
			isa = PBXGroup;
			children = (
				E9050ED421C16B2700C01DBD /* Model */,
				E9050ECF21C0161600C01DBD /* Controller */,
				E9050EBB21C0140B00C01DBD /* AppDelegate.swift */,
				E9050ECD21C0156900C01DBD /* LoginController.swift */,
				E9050ED721C2BD2D00C01DBD /* ChatLogController.swift */,
				E9050EBF21C0140B00C01DBD /* Main.storyboard */,
				E9050EC221C0141000C01DBD /* Assets.xcassets */,
				E9050EC421C0141000C01DBD /* LaunchScreen.storyboard */,
				E9050EC721C0141000C01DBD /* Info.plist */,
				E9050ED021C0234100C01DBD /* GoogleService-Info.plist */,
			);
			path = ChatApp;
			sourceTree = "<group>";
		};
		E9050ECF21C0161600C01DBD /* Controller */ = {
			isa = PBXGroup;
			children = (
				E9050EBD21C0140B00C01DBD /* MessagesController.swift */,
				E9050ED221C166CF00C01DBD /* NewMessageController.swift */,
			);
			path = Controller;
			sourceTree = "<group>";
		};
		E9050ED421C16B2700C01DBD /* Model */ = {
			isa = PBXGroup;
			children = (
				E9050ED521C16B3600C01DBD /* User.swift */,
			);
			path = Model;
			sourceTree = "<group>";
		};
/* End PBXGroup section */

/* Begin PBXNativeTarget section */
		E9050EB721C0140B00C01DBD /* ChatApp */ = {
			isa = PBXNativeTarget;
			buildConfigurationList = E9050ECA21C0141000C01DBD /* Build configuration list for PBXNativeTarget "ChatApp" */;
			buildPhases = (
				E70FF13D21B878A6E5526659 /* [CP] Check Pods Manifest.lock */,
				E9050EB421C0140B00C01DBD /* Sources */,
				E9050EB521C0140B00C01DBD /* Frameworks */,
				E9050EB621C0140B00C01DBD /* Resources */,
				E7032DFCFCDE5BFEF7AE91A5 /* [CP] Embed Pods Frameworks */,
			);
			buildRules = (
			);
			dependencies = (
			);
			name = ChatApp;
			productName = ChatApp;
			productReference = E9050EB821C0140B00C01DBD /* ChatApp.app */;
			productType = "com.apple.product-type.application";
		};
/* End PBXNativeTarget section */

/* Begin PBXProject section */
		E9050EB021C0140B00C01DBD /* Project object */ = {
			isa = PBXProject;
			attributes = {
				LastSwiftUpdateCheck = 1010;
				LastUpgradeCheck = 1010;
				ORGANIZATIONNAME = "pratul patwari";
				TargetAttributes = {
					E9050EB721C0140B00C01DBD = {
						CreatedOnToolsVersion = 10.1;
					};
				};
			};
			buildConfigurationList = E9050EB321C0140B00C01DBD /* Build configuration list for PBXProject "ChatApp" */;
			compatibilityVersion = "Xcode 9.3";
			developmentRegion = en;
			hasScannedForEncodings = 0;
			knownRegions = (
				en,
				Base,
			);
			mainGroup = E9050EAF21C0140B00C01DBD;
			productRefGroup = E9050EB921C0140B00C01DBD /* Products */;
			projectDirPath = "";
			projectRoot = "";
			targets = (
				E9050EB721C0140B00C01DBD /* ChatApp */,
			);
		};
/* End PBXProject section */

/* Begin PBXResourcesBuildPhase section */
		E9050EB621C0140B00C01DBD /* Resources */ = {
			isa = PBXResourcesBuildPhase;
			buildActionMask = 2147483647;
			files = (
				E9050EC621C0141000C01DBD /* LaunchScreen.storyboard in Resources */,
				E9050ED121C0234100C01DBD /* GoogleService-Info.plist in Resources */,
				E9050EC321C0141000C01DBD /* Assets.xcassets in Resources */,
				E9050EC121C0140B00C01DBD /* Main.storyboard in Resources */,
			);
			runOnlyForDeploymentPostprocessing = 0;
		};
/* End PBXResourcesBuildPhase section */

/* Begin PBXShellScriptBuildPhase section */
		E7032DFCFCDE5BFEF7AE91A5 /* [CP] Embed Pods Frameworks */ = {
			isa = PBXShellScriptBuildPhase;
			buildActionMask = 2147483647;
			files = (
			);
			inputPaths = (
				"${SRCROOT}/Pods/Target Support Files/Pods-ChatApp/Pods-ChatApp-frameworks.sh",
				"${BUILT_PRODUCTS_DIR}/GTMSessionFetcher/GTMSessionFetcher.framework",
				"${BUILT_PRODUCTS_DIR}/GoogleUtilities/GoogleUtilities.framework",
				"${BUILT_PRODUCTS_DIR}/leveldb-library/leveldb.framework",
			);
			name = "[CP] Embed Pods Frameworks";
			outputPaths = (
				"${TARGET_BUILD_DIR}/${FRAMEWORKS_FOLDER_PATH}/GTMSessionFetcher.framework",
				"${TARGET_BUILD_DIR}/${FRAMEWORKS_FOLDER_PATH}/GoogleUtilities.framework",
				"${TARGET_BUILD_DIR}/${FRAMEWORKS_FOLDER_PATH}/leveldb.framework",
			);
			runOnlyForDeploymentPostprocessing = 0;
			shellPath = /bin/sh;
			shellScript = "\"${SRCROOT}/Pods/Target Support Files/Pods-ChatApp/Pods-ChatApp-frameworks.sh\"\n";
			showEnvVarsInLog = 0;
		};
		E70FF13D21B878A6E5526659 /* [CP] Check Pods Manifest.lock */ = {
			isa = PBXShellScriptBuildPhase;
			buildActionMask = 2147483647;
			files = (
			);
			inputPaths = (
				"${PODS_PODFILE_DIR_PATH}/Podfile.lock",
				"${PODS_ROOT}/Manifest.lock",
			);
			name = "[CP] Check Pods Manifest.lock";
			outputPaths = (
				"$(DERIVED_FILE_DIR)/Pods-ChatApp-checkManifestLockResult.txt",
			);
			runOnlyForDeploymentPostprocessing = 0;
			shellPath = /bin/sh;
			shellScript = "diff \"${PODS_PODFILE_DIR_PATH}/Podfile.lock\" \"${PODS_ROOT}/Manifest.lock\" > /dev/null\nif [ $? != 0 ] ; then\n    # print error to STDERR\n    echo \"error: The sandbox is not in sync with the Podfile.lock. Run 'pod install' or update your CocoaPods installation.\" >&2\n    exit 1\nfi\n# This output is used by Xcode 'outputs' to avoid re-running this script phase.\necho \"SUCCESS\" > \"${SCRIPT_OUTPUT_FILE_0}\"\n";
			showEnvVarsInLog = 0;
		};
/* End PBXShellScriptBuildPhase section */

/* Begin PBXSourcesBuildPhase section */
		E9050EB421C0140B00C01DBD /* Sources */ = {
			isa = PBXSourcesBuildPhase;
			buildActionMask = 2147483647;
			files = (
				E9050ED821C2BD2D00C01DBD /* ChatLogController.swift in Sources */,
				E9050EBE21C0140B00C01DBD /* MessagesController.swift in Sources */,
				E9050ECE21C0156900C01DBD /* LoginController.swift in Sources */,
				E9050ED321C166CF00C01DBD /* NewMessageController.swift in Sources */,
				E9050ED621C16B3600C01DBD /* User.swift in Sources */,
				E9050EBC21C0140B00C01DBD /* AppDelegate.swift in Sources */,
			);
			runOnlyForDeploymentPostprocessing = 0;
		};
/* End PBXSourcesBuildPhase section */

/* Begin PBXVariantGroup section */
		E9050EBF21C0140B00C01DBD /* Main.storyboard */ = {
			isa = PBXVariantGroup;
			children = (
				E9050EC021C0140B00C01DBD /* Base */,
			);
			name = Main.storyboard;
			sourceTree = "<group>";
		};
		E9050EC421C0141000C01DBD /* LaunchScreen.storyboard */ = {
			isa = PBXVariantGroup;
			children = (
				E9050EC521C0141000C01DBD /* Base */,
			);
			name = LaunchScreen.storyboard;
			sourceTree = "<group>";
		};
/* End PBXVariantGroup section */

/* Begin XCBuildConfiguration section */
		E9050EC821C0141000C01DBD /* Debug */ = {
			isa = XCBuildConfiguration;
			buildSettings = {
				ALWAYS_SEARCH_USER_PATHS = NO;
				CLANG_ANALYZER_NONNULL = YES;
				CLANG_ANALYZER_NUMBER_OBJECT_CONVERSION = YES_AGGRESSIVE;
				CLANG_CXX_LANGUAGE_STANDARD = "gnu++14";
				CLANG_CXX_LIBRARY = "libc++";
				CLANG_ENABLE_MODULES = YES;
				CLANG_ENABLE_OBJC_ARC = YES;
				CLANG_ENABLE_OBJC_WEAK = YES;
				CLANG_WARN_BLOCK_CAPTURE_AUTORELEASING = YES;
				CLANG_WARN_BOOL_CONVERSION = YES;
				CLANG_WARN_COMMA = YES;
				CLANG_WARN_CONSTANT_CONVERSION = YES;
				CLANG_WARN_DEPRECATED_OBJC_IMPLEMENTATIONS = YES;
				CLANG_WARN_DIRECT_OBJC_ISA_USAGE = YES_ERROR;
				CLANG_WARN_DOCUMENTATION_COMMENTS = YES;
				CLANG_WARN_EMPTY_BODY = YES;
				CLANG_WARN_ENUM_CONVERSION = YES;
				CLANG_WARN_INFINITE_RECURSION = YES;
				CLANG_WARN_INT_CONVERSION = YES;
				CLANG_WARN_NON_LITERAL_NULL_CONVERSION = YES;
				CLANG_WARN_OBJC_IMPLICIT_RETAIN_SELF = YES;
				CLANG_WARN_OBJC_LITERAL_CONVERSION = YES;
				CLANG_WARN_OBJC_ROOT_CLASS = YES_ERROR;
				CLANG_WARN_RANGE_LOOP_ANALYSIS = YES;
				CLANG_WARN_STRICT_PROTOTYPES = YES;
				CLANG_WARN_SUSPICIOUS_MOVE = YES;
				CLANG_WARN_UNGUARDED_AVAILABILITY = YES_AGGRESSIVE;
				CLANG_WARN_UNREACHABLE_CODE = YES;
				CLANG_WARN__DUPLICATE_METHOD_MATCH = YES;
				CODE_SIGN_IDENTITY = "iPhone Developer";
				COPY_PHASE_STRIP = NO;
				DEBUG_INFORMATION_FORMAT = dwarf;
				ENABLE_STRICT_OBJC_MSGSEND = YES;
				ENABLE_TESTABILITY = YES;
				GCC_C_LANGUAGE_STANDARD = gnu11;
				GCC_DYNAMIC_NO_PIC = NO;
				GCC_NO_COMMON_BLOCKS = YES;
				GCC_OPTIMIZATION_LEVEL = 0;
				GCC_PREPROCESSOR_DEFINITIONS = (
					"DEBUG=1",
					"$(inherited)",
				);
				GCC_WARN_64_TO_32_BIT_CONVERSION = YES;
				GCC_WARN_ABOUT_RETURN_TYPE = YES_ERROR;
				GCC_WARN_UNDECLARED_SELECTOR = YES;
				GCC_WARN_UNINITIALIZED_AUTOS = YES_AGGRESSIVE;
				GCC_WARN_UNUSED_FUNCTION = YES;
				GCC_WARN_UNUSED_VARIABLE = YES;
				IPHONEOS_DEPLOYMENT_TARGET = 12.1;
				MTL_ENABLE_DEBUG_INFO = INCLUDE_SOURCE;
				MTL_FAST_MATH = YES;
				ONLY_ACTIVE_ARCH = YES;
				SDKROOT = iphoneos;
				SWIFT_ACTIVE_COMPILATION_CONDITIONS = DEBUG;
				SWIFT_OPTIMIZATION_LEVEL = "-Onone";
			};
			name = Debug;
		};
		E9050EC921C0141000C01DBD /* Release */ = {
			isa = XCBuildConfiguration;
			buildSettings = {
				ALWAYS_SEARCH_USER_PATHS = NO;
				CLANG_ANALYZER_NONNULL = YES;
				CLANG_ANALYZER_NUMBER_OBJECT_CONVERSION = YES_AGGRESSIVE;
				CLANG_CXX_LANGUAGE_STANDARD = "gnu++14";
				CLANG_CXX_LIBRARY = "libc++";
				CLANG_ENABLE_MODULES = YES;
				CLANG_ENABLE_OBJC_ARC = YES;
				CLANG_ENABLE_OBJC_WEAK = YES;
				CLANG_WARN_BLOCK_CAPTURE_AUTORELEASING = YES;
				CLANG_WARN_BOOL_CONVERSION = YES;
				CLANG_WARN_COMMA = YES;
				CLANG_WARN_CONSTANT_CONVERSION = YES;
				CLANG_WARN_DEPRECATED_OBJC_IMPLEMENTATIONS = YES;
				CLANG_WARN_DIRECT_OBJC_ISA_USAGE = YES_ERROR;
				CLANG_WARN_DOCUMENTATION_COMMENTS = YES;
				CLANG_WARN_EMPTY_BODY = YES;
				CLANG_WARN_ENUM_CONVERSION = YES;
				CLANG_WARN_INFINITE_RECURSION = YES;
				CLANG_WARN_INT_CONVERSION = YES;
				CLANG_WARN_NON_LITERAL_NULL_CONVERSION = YES;
				CLANG_WARN_OBJC_IMPLICIT_RETAIN_SELF = YES;
				CLANG_WARN_OBJC_LITERAL_CONVERSION = YES;
				CLANG_WARN_OBJC_ROOT_CLASS = YES_ERROR;
				CLANG_WARN_RANGE_LOOP_ANALYSIS = YES;
				CLANG_WARN_STRICT_PROTOTYPES = YES;
				CLANG_WARN_SUSPICIOUS_MOVE = YES;
				CLANG_WARN_UNGUARDED_AVAILABILITY = YES_AGGRESSIVE;
				CLANG_WARN_UNREACHABLE_CODE = YES;
				CLANG_WARN__DUPLICATE_METHOD_MATCH = YES;
				CODE_SIGN_IDENTITY = "iPhone Developer";
				COPY_PHASE_STRIP = NO;
				DEBUG_INFORMATION_FORMAT = "dwarf-with-dsym";
				ENABLE_NS_ASSERTIONS = NO;
				ENABLE_STRICT_OBJC_MSGSEND = YES;
				GCC_C_LANGUAGE_STANDARD = gnu11;
				GCC_NO_COMMON_BLOCKS = YES;
				GCC_WARN_64_TO_32_BIT_CONVERSION = YES;
				GCC_WARN_ABOUT_RETURN_TYPE = YES_ERROR;
				GCC_WARN_UNDECLARED_SELECTOR = YES;
				GCC_WARN_UNINITIALIZED_AUTOS = YES_AGGRESSIVE;
				GCC_WARN_UNUSED_FUNCTION = YES;
				GCC_WARN_UNUSED_VARIABLE = YES;
				IPHONEOS_DEPLOYMENT_TARGET = 12.1;
				MTL_ENABLE_DEBUG_INFO = NO;
				MTL_FAST_MATH = YES;
				SDKROOT = iphoneos;
				SWIFT_COMPILATION_MODE = wholemodule;
				SWIFT_OPTIMIZATION_LEVEL = "-O";
				VALIDATE_PRODUCT = YES;
			};
			name = Release;
		};
		E9050ECB21C0141000C01DBD /* Debug */ = {
			isa = XCBuildConfiguration;
			baseConfigurationReference = 683BC92DD39B9C1F79054B60 /* Pods-ChatApp.debug.xcconfig */;
			buildSettings = {
				ASSETCATALOG_COMPILER_APPICON_NAME = AppIcon;
				CODE_SIGN_STYLE = Automatic;
				DEVELOPMENT_TEAM = BBCKRNS692;
				INFOPLIST_FILE = ChatApp/Info.plist;
				LD_RUNPATH_SEARCH_PATHS = (
					"$(inherited)",
					"@executable_path/Frameworks",
				);
				PRODUCT_BUNDLE_IDENTIFIER = llc.mirus.ChatApp;
				PRODUCT_NAME = "$(TARGET_NAME)";
				SWIFT_VERSION = 4.2;
				TARGETED_DEVICE_FAMILY = "1,2";
			};
			name = Debug;
		};
		E9050ECC21C0141000C01DBD /* Release */ = {
			isa = XCBuildConfiguration;
			baseConfigurationReference = 8152012622CFAE019BBFD2CF /* Pods-ChatApp.release.xcconfig */;
			buildSettings = {
				ASSETCATALOG_COMPILER_APPICON_NAME = AppIcon;
				CODE_SIGN_STYLE = Automatic;
				DEVELOPMENT_TEAM = BBCKRNS692;
				INFOPLIST_FILE = ChatApp/Info.plist;
				LD_RUNPATH_SEARCH_PATHS = (
					"$(inherited)",
					"@executable_path/Frameworks",
				);
				PRODUCT_BUNDLE_IDENTIFIER = llc.mirus.ChatApp;
				PRODUCT_NAME = "$(TARGET_NAME)";
				SWIFT_VERSION = 4.2;
				TARGETED_DEVICE_FAMILY = "1,2";
			};
			name = Release;
		};
/* End XCBuildConfiguration section */

/* Begin XCConfigurationList section */
		E9050EB321C0140B00C01DBD /* Build configuration list for PBXProject "ChatApp" */ = {
			isa = XCConfigurationList;
			buildConfigurations = (
				E9050EC821C0141000C01DBD /* Debug */,
				E9050EC921C0141000C01DBD /* Release */,
			);
			defaultConfigurationIsVisible = 0;
			defaultConfigurationName = Release;
		};
		E9050ECA21C0141000C01DBD /* Build configuration list for PBXNativeTarget "ChatApp" */ = {
			isa = XCConfigurationList;
			buildConfigurations = (
				E9050ECB21C0141000C01DBD /* Debug */,
				E9050ECC21C0141000C01DBD /* Release */,
			);
			defaultConfigurationIsVisible = 0;
			defaultConfigurationName = Release;
		};
/* End XCConfigurationList section */
	};
	rootObject = E9050EB021C0140B00C01DBD /* Project object */;
}
